
Microsoft Visual Studio Solution File, Format Version 12.00
Project("{FAE04EC0-301F-11D3-BF4B-00C04F79EFBC}") = "generationapi", "generationapi.csproj", "{5BFDD4D1-EDF3-4EE9-BAA0-16900EAA8629}"
EndProject
Project("{FAE04EC0-301F-11D3-BF4B-00C04F79EFBC}") = "docProcessor", "..\docProcessor\docProcessor\docProcessor.csproj", "{56B4E1E4-4A94-4A36-8508-0212A5E5C49A}"
EndProject
Project("{FAE04EC0-301F-11D3-BF4B-00C04F79EFBC}") = "testRunner", "..\docProcessor\testRunner\testRunner.csproj", "{75832656-67FB-4C04-A397-7699CFB43439}"
EndProject
Global
	GlobalSection(SolutionConfigurationPlatforms) = preSolution
		Debug|Any CPU = Debug|Any CPU
		Release|Any CPU = Release|Any CPU
	EndGlobalSection
	GlobalSection(ProjectConfigurationPlatforms) = postSolution
		{5BFDD4D1-EDF3-4EE9-BAA0-16900EAA8629}.Debug|Any CPU.ActiveCfg = Debug|Any CPU
		{5BFDD4D1-EDF3-4EE9-BAA0-16900EAA8629}.Debug|Any CPU.Build.0 = Debug|Any CPU
		{5BFDD4D1-EDF3-4EE9-BAA0-16900EAA8629}.Release|Any CPU.ActiveCfg = Release|Any CPU
		{5BFDD4D1-EDF3-4EE9-BAA0-16900EAA8629}.Release|Any CPU.Build.0 = Release|Any CPU
		{56B4E1E4-4A94-4A36-8508-0212A5E5C49A}.Debug|Any CPU.ActiveCfg = Debug|Any CPU
		{56B4E1E4-4A94-4A36-8508-0212A5E5C49A}.Debug|Any CPU.Build.0 = Debug|Any CPU
		{56B4E1E4-4A94-4A36-8508-0212A5E5C49A}.Release|Any CPU.ActiveCfg = Release|Any CPU
		{56B4E1E4-4A94-4A36-8508-0212A5E5C49A}.Release|Any CPU.Build.0 = Release|Any CPU
		{75832656-67FB-4C04-A397-7699CFB43439}.Debug|Any CPU.ActiveCfg = Debug|Any CPU
		{75832656-67FB-4C04-A397-7699CFB43439}.Debug|Any CPU.Build.0 = Debug|Any CPU
		{75832656-67FB-4C04-A397-7699CFB43439}.Release|Any CPU.ActiveCfg = Release|Any CPU
		{75832656-67FB-4C04-A397-7699CFB43439}.Release|Any CPU.Build.0 = Release|Any CPU
	EndGlobalSection
EndGlobal
